
Microsoft Visual Studio Solution File, Format Version 12.00
Project("{2150E333-8FDC-42A3-9474-1A3956D46DE8}") = "src", "src", "{AB648B45-0AB1-4158-8D37-6E6A58902408}"
EndProject
Project("{2150E333-8FDC-42A3-9474-1A3956D46DE8}") = "services", "services", "{F1ED903E-642F-4E4C-88B2-FB61C7869822}"
EndProject
Project("{FAE04EC0-301F-11D3-BF4B-00C04F79EFBC}") = "Company.Product", "src\Company.Product\Company.Product.csproj", "{9A1A0D35-29F7-4595-80C0-8E6976D7B882}"
EndProject
Global
	GlobalSection(SolutionConfigurationPlatforms) = preSolution
		Debug|Any CPU = Debug|Any CPU
		Release|Any CPU = Release|Any CPU
	EndGlobalSection
	GlobalSection(ProjectConfigurationPlatforms) = postSolution
		{9A1A0D35-29F7-4595-80C0-8E6976D7B882}.Debug|Any CPU.ActiveCfg = Debug|Any CPU
		{9A1A0D35-29F7-4595-80C0-8E6976D7B882}.Debug|Any CPU.Build.0 = Debug|Any CPU
		{9A1A0D35-29F7-4595-80C0-8E6976D7B882}.Release|Any CPU.ActiveCfg = Release|Any CPU
		{9A1A0D35-29F7-4595-80C0-8E6976D7B882}.Release|Any CPU.Build.0 = Release|Any CPU
	EndGlobalSection
	GlobalSection(NestedProjects) = preSolution
		{F1ED903E-642F-4E4C-88B2-FB61C7869822} = {AB648B45-0AB1-4158-8D37-6E6A58902408}
		{9A1A0D35-29F7-4595-80C0-8E6976D7B882} = {F1ED903E-642F-4E4C-88B2-FB61C7869822}
	EndGlobalSection
EndGlobal
